
Microsoft Visual Studio Solution File, Format Version 12.00
# Visual Studio Version 16
VisualStudioVersion = 16.0.30002.166
MinimumVisualStudioVersion = 10.0.40219.1
Project("{8BC9CEB8-8B4A-11D0-8D11-00A0C91BC942}") = "VimJam-2020-Game-Jam-Entry", "VimJam-2020-Game-Jam-Entry\VimJam-2020-Game-Jam-Entry.vcxproj", "{63390451-8348-4680-BB20-5A39B116B928}"
EndProject
Global
	GlobalSection(SolutionConfigurationPlatforms) = preSolution
		Debug|x64 = Debug|x64
		Debug|x86 = Debug|x86
		Release|x64 = Release|x64
		Release|x86 = Release|x86
	EndGlobalSection
	GlobalSection(ProjectConfigurationPlatforms) = postSolution
		{63390451-8348-4680-BB20-5A39B116B928}.Debug|x64.ActiveCfg = Debug|x64
		{63390451-8348-4680-BB20-5A39B116B928}.Debug|x64.Build.0 = Debug|x64
		{63390451-8348-4680-BB20-5A39B116B928}.Debug|x86.ActiveCfg = Debug|Win32
		{63390451-8348-4680-BB20-5A39B116B928}.Debug|x86.Build.0 = Debug|Win32
		{63390451-8348-4680-BB20-5A39B116B928}.Release|x64.ActiveCfg = Release|x64
		{63390451-8348-4680-BB20-5A39B116B928}.Release|x64.Build.0 = Release|x64
		{63390451-8348-4680-BB20-5A39B116B928}.Release|x86.ActiveCfg = Release|Win32
		{63390451-8348-4680-BB20-5A39B116B928}.Release|x86.Build.0 = Release|Win32
	EndGlobalSection
	GlobalSection(SolutionProperties) = preSolution
		HideSolutionNode = FALSE
	EndGlobalSection
	GlobalSection(ExtensibilityGlobals) = postSolution
		SolutionGuid = {FB00076F-F6DE-4833-A2A3-12B66CA16660}
	EndGlobalSection
EndGlobal
